# THIS IS AN AUTOGENERATED FILE. DO NOT EDIT THIS FILE DIRECTLY.
# yarn lockfile v1


"@primeuix/styled@^0.5.0":
  version "0.5.0"
  resolved "https://registry.yarnpkg.com/@primeuix/styled/-/styled-0.5.0.tgz#90fc8a0930732c91a2ffacc489b3ddd5b7eccf60"
  integrity sha512-k5CTQ+10cXIXxZTep7sktmYe8lJkjmUaFVDAc1OCsWTJR+bhBy/s6zWIatGljVtuf3RmTSxtlrHQeFLjPmdUNQ==
  dependencies:
    "@primeuix/utils" "^0.5.0"

"@primeuix/styles@^1.0.0":
  version "1.0.0"
  resolved "https://registry.yarnpkg.com/@primeuix/styles/-/styles-1.0.0.tgz#7abd7ec1c230c398efe6e27e12e5fbeb23fb9f19"
  integrity sha512-j/TlbqihLNMP37zFNjxac5dTRaQEf5Ldrv0P7NwKigCCc/+MI5j4MddxDw1LnxkGhWCJ1Gjbt9uwyQteWtSv7A==
  dependencies:
    "@primeuix/styled" "^0.5.0"

"@primeuix/themes@^1.0.0":
  version "1.0.0"
  resolved "https://registry.yarnpkg.com/@primeuix/themes/-/themes-1.0.0.tgz#5af2a2d1593503ca4a0f82d04ff9e946dd269362"
  integrity sha512-fxUgcAP9H6FeytbE8c4QvRt8aBnoyZJqvtnnVwHT8PHr1dNSnC1nYKGrXpebcx3SpNy9Hp9oVidGsl6u61+pXQ==
  dependencies:
    "@primeuix/styled" "^0.5.0"

"@primeuix/utils@^0.5.0", "@primeuix/utils@^0.5.1":
  version "0.5.1"
  resolved "https://registry.yarnpkg.com/@primeuix/utils/-/utils-0.5.1.tgz#7bca8a849f1d4d050f4d6a4bb8a179d0b0c2e99f"
  integrity sha512-/bYirtF3gJOGrRQfQ5tUyQOLEria7wg/UCqvpIydTAxLmj/UWgWwh2kAjYVp49eldm1+2sk4+TDkbAz8XcPpew==

"@primevue/core@4.3.2":
  version "4.3.2"
  resolved "https://registry.yarnpkg.com/@primevue/core/-/core-4.3.2.tgz#d5c28f4ad420afe9ae3b4d30f549ccd671e57746"
  integrity sha512-8ghF6PdYKw77rLFZRl8C8kLHMKFMPg8f7xiPQIvLG0Cxl+FKsBrGp0xQxnEXsp2+6NX3Pv1jysrQjxSnuufz4w==
  dependencies:
    "@primeuix/styled" "^0.5.0"
    "@primeuix/utils" "^0.5.1"

"@primevue/icons@4.3.2":
  version "4.3.2"
  resolved "https://registry.yarnpkg.com/@primevue/icons/-/icons-4.3.2.tgz#5870968ea7bfcd4eb5c6e9b9b60ce490301783da"
  integrity sha512-sT9MZQ7GNmi/pfpMFdHejt3s3Q5kIN6pV/xi5n21KbpQsgsXnQBYq/fyx+sfKvbUfDvYYIpKDSWXj6RYR3zIdw==
  dependencies:
    "@primeuix/utils" "^0.5.1"
    "@primevue/core" "4.3.2"

primevue@^4.3.1:
  version "4.3.2"
  resolved "https://registry.yarnpkg.com/primevue/-/primevue-4.3.2.tgz#8a4ea17258e22c251f78dd15050dd623d115fe75"
  integrity sha512-TCCLu66k0pW8LmL8ho4w8evPEwc1agCP4ojY5OIsr2pqYepzBqlsSP2GSSv+Kv5EwWqg4ufh0bor+XVJl9sIVw==
  dependencies:
    "@primeuix/styled" "^0.5.0"
    "@primeuix/styles" "^1.0.0"
    "@primeuix/utils" "^0.5.1"
    "@primevue/core" "4.3.2"
    "@primevue/icons" "4.3.2"
